
Microsoft Visual Studio Solution File, Format Version 12.00
# Visual Studio Version 17
VisualStudioVersion = 17.14.37301.10 d17.14
MinimumVisualStudioVersion = 10.0.40219.1
Project("{2150E333-8FDC-42A3-9474-1A3956D46DE8}") = "src", "src", "{02EA681E-C7D8-13C7-8484-4AC65E1B71E8}"
EndProject
Project("{2150E333-8FDC-42A3-9474-1A3956D46DE8}") = "MovieCatalog", "MovieCatalog", "{9AC79FB4-F1C3-4770-B1B3-AC4072CD6543}"
EndProject
Project("{2150E333-8FDC-42A3-9474-1A3956D46DE8}") = "Notification", "Notification", "{ADE3462A-6F8E-49CD-A92E-4026FB0F5FC0}"
EndProject
Project("{FAE04EC0-301F-11D3-BF4B-00C04F79EFBC}") = "MovieCatalog.Api", "MovieCatalog.Api\MovieCatalog.Api.csproj", "{3A54F0DC-5524-4CFB-AB7C-77332234293E}"
	ProjectSection(ProjectDependencies) = postProject
		{3CB92654-F1F9-4143-BAF5-C938EB931467} = {3CB92654-F1F9-4143-BAF5-C938EB931467}
		{7B84C10C-5461-4613-9BA0-D1C026AA50B3} = {7B84C10C-5461-4613-9BA0-D1C026AA50B3}
		{8F56179E-B5C3-4F44-807C-D2F9EF9486AE} = {8F56179E-B5C3-4F44-807C-D2F9EF9486AE}
		{9F401397-E0A8-4245-8927-ED90C63A3677} = {9F401397-E0A8-4245-8927-ED90C63A3677}
	EndProjectSection
EndProject
Project("{FAE04EC0-301F-11D3-BF4B-00C04F79EFBC}") = "MovieCatalog.Domain", "MovieCatalog.Domain\MovieCatalog.Domain.csproj", "{9F401397-E0A8-4245-8927-ED90C63A3677}"
	ProjectSection(ProjectDependencies) = postProject
		{3CB92654-F1F9-4143-BAF5-C938EB931467} = {3CB92654-F1F9-4143-BAF5-C938EB931467}
	EndProjectSection
EndProject
Project("{FAE04EC0-301F-11D3-BF4B-00C04F79EFBC}") = "MovieCatalog.Infra", "MovieCatalog.Infra\MovieCatalog.Infra.csproj", "{8F56179E-B5C3-4F44-807C-D2F9EF9486AE}"
	ProjectSection(ProjectDependencies) = postProject
		{3CB92654-F1F9-4143-BAF5-C938EB931467} = {3CB92654-F1F9-4143-BAF5-C938EB931467}
		{7B84C10C-5461-4613-9BA0-D1C026AA50B3} = {7B84C10C-5461-4613-9BA0-D1C026AA50B3}
		{9F401397-E0A8-4245-8927-ED90C63A3677} = {9F401397-E0A8-4245-8927-ED90C63A3677}
	EndProjectSection
EndProject
Project("{FAE04EC0-301F-11D3-BF4B-00C04F79EFBC}") = "MovieCatalog.Application", "MovieCatalog.Application\MovieCatalog.Application.csproj", "{7B84C10C-5461-4613-9BA0-D1C026AA50B3}"
	ProjectSection(ProjectDependencies) = postProject
		{3CB92654-F1F9-4143-BAF5-C938EB931467} = {3CB92654-F1F9-4143-BAF5-C938EB931467}
		{9F401397-E0A8-4245-8927-ED90C63A3677} = {9F401397-E0A8-4245-8927-ED90C63A3677}
	EndProjectSection
EndProject
Project("{FAE04EC0-301F-11D3-BF4B-00C04F79EFBC}") = "MovieCatalog.Test", "MovieCatalog.Test\MovieCatalog.Test.csproj", "{68B95E3E-EEE8-4C15-8C3C-E04DB1E5942D}"
	ProjectSection(ProjectDependencies) = postProject
		{3A54F0DC-5524-4CFB-AB7C-77332234293E} = {3A54F0DC-5524-4CFB-AB7C-77332234293E}
		{3CB92654-F1F9-4143-BAF5-C938EB931467} = {3CB92654-F1F9-4143-BAF5-C938EB931467}
		{7B84C10C-5461-4613-9BA0-D1C026AA50B3} = {7B84C10C-5461-4613-9BA0-D1C026AA50B3}
		{8F56179E-B5C3-4F44-807C-D2F9EF9486AE} = {8F56179E-B5C3-4F44-807C-D2F9EF9486AE}
		{9F401397-E0A8-4245-8927-ED90C63A3677} = {9F401397-E0A8-4245-8927-ED90C63A3677}
	EndProjectSection
EndProject
Project("{FAE04EC0-301F-11D3-BF4B-00C04F79EFBC}") = "MovieCatalog.Shared", "MovieCatalog.Shared\MovieCatalog.Shared.csproj", "{3CB92654-F1F9-4143-BAF5-C938EB931467}"
EndProject
Project("{FAE04EC0-301F-11D3-BF4B-00C04F79EFBC}") = "Notification.Worker", "Notification.Worker\Notification.Worker.csproj", "{6F298B7B-B3F5-48A3-B79F-C23C28E01EA9}"
EndProject
Project("{FAE04EC0-301F-11D3-BF4B-00C04F79EFBC}") = "Notification.Test", "Notification.Test\Notification.Test.csproj", "{9F4F33DE-5C70-4D80-8A1B-EF32B2928618}"
EndProject
Global
	GlobalSection(SolutionConfigurationPlatforms) = preSolution
		Debug|Any CPU = Debug|Any CPU
		Release|Any CPU = Release|Any CPU
	EndGlobalSection
	GlobalSection(ProjectConfigurationPlatforms) = postSolution
		{3A54F0DC-5524-4CFB-AB7C-77332234293E}.Debug|Any CPU.ActiveCfg = Debug|Any CPU
		{3A54F0DC-5524-4CFB-AB7C-77332234293E}.Debug|Any CPU.Build.0 = Debug|Any CPU
		{3A54F0DC-5524-4CFB-AB7C-77332234293E}.Release|Any CPU.ActiveCfg = Release|Any CPU
		{3A54F0DC-5524-4CFB-AB7C-77332234293E}.Release|Any CPU.Build.0 = Release|Any CPU
		{9F401397-E0A8-4245-8927-ED90C63A3677}.Debug|Any CPU.ActiveCfg = Debug|Any CPU
		{9F401397-E0A8-4245-8927-ED90C63A3677}.Debug|Any CPU.Build.0 = Debug|Any CPU
		{9F401397-E0A8-4245-8927-ED90C63A3677}.Release|Any CPU.ActiveCfg = Release|Any CPU
		{9F401397-E0A8-4245-8927-ED90C63A3677}.Release|Any CPU.Build.0 = Release|Any CPU
		{8F56179E-B5C3-4F44-807C-D2F9EF9486AE}.Debug|Any CPU.ActiveCfg = Debug|Any CPU
		{8F56179E-B5C3-4F44-807C-D2F9EF9486AE}.Debug|Any CPU.Build.0 = Debug|Any CPU
		{8F56179E-B5C3-4F44-807C-D2F9EF9486AE}.Release|Any CPU.ActiveCfg = Release|Any CPU
		{8F56179E-B5C3-4F44-807C-D2F9EF9486AE}.Release|Any CPU.Build.0 = Release|Any CPU
		{7B84C10C-5461-4613-9BA0-D1C026AA50B3}.Debug|Any CPU.ActiveCfg = Debug|Any CPU
		{7B84C10C-5461-4613-9BA0-D1C026AA50B3}.Debug|Any CPU.Build.0 = Debug|Any CPU
		{7B84C10C-5461-4613-9BA0-D1C026AA50B3}.Release|Any CPU.ActiveCfg = Release|Any CPU
		{7B84C10C-5461-4613-9BA0-D1C026AA50B3}.Release|Any CPU.Build.0 = Release|Any CPU
		{68B95E3E-EEE8-4C15-8C3C-E04DB1E5942D}.Debug|Any CPU.ActiveCfg = Debug|Any CPU
		{68B95E3E-EEE8-4C15-8C3C-E04DB1E5942D}.Debug|Any CPU.Build.0 = Debug|Any CPU
		{68B95E3E-EEE8-4C15-8C3C-E04DB1E5942D}.Release|Any CPU.ActiveCfg = Release|Any CPU
		{68B95E3E-EEE8-4C15-8C3C-E04DB1E5942D}.Release|Any CPU.Build.0 = Release|Any CPU
		{3CB92654-F1F9-4143-BAF5-C938EB931467}.Debug|Any CPU.ActiveCfg = Debug|Any CPU
		{3CB92654-F1F9-4143-BAF5-C938EB931467}.Debug|Any CPU.Build.0 = Debug|Any CPU
		{3CB92654-F1F9-4143-BAF5-C938EB931467}.Release|Any CPU.ActiveCfg = Release|Any CPU
		{3CB92654-F1F9-4143-BAF5-C938EB931467}.Release|Any CPU.Build.0 = Release|Any CPU
		{6F298B7B-B3F5-48A3-B79F-C23C28E01EA9}.Debug|Any CPU.ActiveCfg = Debug|Any CPU
		{6F298B7B-B3F5-48A3-B79F-C23C28E01EA9}.Debug|Any CPU.Build.0 = Debug|Any CPU
		{6F298B7B-B3F5-48A3-B79F-C23C28E01EA9}.Release|Any CPU.ActiveCfg = Release|Any CPU
		{6F298B7B-B3F5-48A3-B79F-C23C28E01EA9}.Release|Any CPU.Build.0 = Release|Any CPU
		{9F4F33DE-5C70-4D80-8A1B-EF32B2928618}.Debug|Any CPU.ActiveCfg = Debug|Any CPU
		{9F4F33DE-5C70-4D80-8A1B-EF32B2928618}.Debug|Any CPU.Build.0 = Debug|Any CPU
		{9F4F33DE-5C70-4D80-8A1B-EF32B2928618}.Release|Any CPU.ActiveCfg = Release|Any CPU
		{9F4F33DE-5C70-4D80-8A1B-EF32B2928618}.Release|Any CPU.Build.0 = Release|Any CPU
	EndGlobalSection
	GlobalSection(SolutionProperties) = preSolution
		HideSolutionNode = FALSE
	EndGlobalSection
	GlobalSection(NestedProjects) = preSolution
		{9AC79FB4-F1C3-4770-B1B3-AC4072CD6543} = {02EA681E-C7D8-13C7-8484-4AC65E1B71E8}
		{ADE3462A-6F8E-49CD-A92E-4026FB0F5FC0} = {02EA681E-C7D8-13C7-8484-4AC65E1B71E8}
		{3A54F0DC-5524-4CFB-AB7C-77332234293E} = {9AC79FB4-F1C3-4770-B1B3-AC4072CD6543}
		{9F401397-E0A8-4245-8927-ED90C63A3677} = {9AC79FB4-F1C3-4770-B1B3-AC4072CD6543}
		{8F56179E-B5C3-4F44-807C-D2F9EF9486AE} = {9AC79FB4-F1C3-4770-B1B3-AC4072CD6543}
		{7B84C10C-5461-4613-9BA0-D1C026AA50B3} = {9AC79FB4-F1C3-4770-B1B3-AC4072CD6543}
		{68B95E3E-EEE8-4C15-8C3C-E04DB1E5942D} = {9AC79FB4-F1C3-4770-B1B3-AC4072CD6543}
		{3CB92654-F1F9-4143-BAF5-C938EB931467} = {9AC79FB4-F1C3-4770-B1B3-AC4072CD6543}
		{6F298B7B-B3F5-48A3-B79F-C23C28E01EA9} = {ADE3462A-6F8E-49CD-A92E-4026FB0F5FC0}
		{9F4F33DE-5C70-4D80-8A1B-EF32B2928618} = {ADE3462A-6F8E-49CD-A92E-4026FB0F5FC0}
	EndGlobalSection
	GlobalSection(ExtensibilityGlobals) = postSolution
		SolutionGuid = {B6D89C20-9A59-4388-9D50-80EE7CE783F3}
	EndGlobalSection
EndGlobal
